
Microsoft Visual Studio Solution File, Format Version 12.00
# Visual Studio Version 17
VisualStudioVersion = 17.5.002.0
MinimumVisualStudioVersion = 10.0.40219.1
Project("{9A19103F-16F7-4668-BE54-9A1E7A4F7556}") = "Dz_64", "Dz_64\Dz_64.csproj", "{35A66B67-8885-42BF-8735-70E6AE5B27AE}"
EndProject
Project("{9A19103F-16F7-4668-BE54-9A1E7A4F7556}") = "Dz_66", "Dz_66\Dz_66.csproj", "{8290C073-E6F7-4EFE-88CA-6844D058AE27}"
EndProject
Project("{9A19103F-16F7-4668-BE54-9A1E7A4F7556}") = "Dz_68", "Dz_68\Dz_68.csproj", "{6778B7CC-C10B-476A-AA2A-FD82062DE6D6}"
EndProject
Global
	GlobalSection(SolutionConfigurationPlatforms) = preSolution
		Debug|Any CPU = Debug|Any CPU
		Release|Any CPU = Release|Any CPU
	EndGlobalSection
	GlobalSection(ProjectConfigurationPlatforms) = postSolution
		{35A66B67-8885-42BF-8735-70E6AE5B27AE}.Debug|Any CPU.ActiveCfg = Debug|Any CPU
		{35A66B67-8885-42BF-8735-70E6AE5B27AE}.Debug|Any CPU.Build.0 = Debug|Any CPU
		{35A66B67-8885-42BF-8735-70E6AE5B27AE}.Release|Any CPU.ActiveCfg = Release|Any CPU
		{35A66B67-8885-42BF-8735-70E6AE5B27AE}.Release|Any CPU.Build.0 = Release|Any CPU
		{8290C073-E6F7-4EFE-88CA-6844D058AE27}.Debug|Any CPU.ActiveCfg = Debug|Any CPU
		{8290C073-E6F7-4EFE-88CA-6844D058AE27}.Debug|Any CPU.Build.0 = Debug|Any CPU
		{8290C073-E6F7-4EFE-88CA-6844D058AE27}.Release|Any CPU.ActiveCfg = Release|Any CPU
		{8290C073-E6F7-4EFE-88CA-6844D058AE27}.Release|Any CPU.Build.0 = Release|Any CPU
		{6778B7CC-C10B-476A-AA2A-FD82062DE6D6}.Debug|Any CPU.ActiveCfg = Debug|Any CPU
		{6778B7CC-C10B-476A-AA2A-FD82062DE6D6}.Debug|Any CPU.Build.0 = Debug|Any CPU
		{6778B7CC-C10B-476A-AA2A-FD82062DE6D6}.Release|Any CPU.ActiveCfg = Release|Any CPU
		{6778B7CC-C10B-476A-AA2A-FD82062DE6D6}.Release|Any CPU.Build.0 = Release|Any CPU
	EndGlobalSection
	GlobalSection(SolutionProperties) = preSolution
		HideSolutionNode = FALSE
	EndGlobalSection
	GlobalSection(ExtensibilityGlobals) = postSolution
		SolutionGuid = {782E7FC3-1035-44F9-AE93-90190F68ABAE}
	EndGlobalSection
EndGlobal
